
Microsoft Visual Studio Solution File, Format Version 12.00
# Visual Studio 15
Project("{FAE04EC0-301F-11D3-BF4B-00C04F79EFBC}") = "Beverages", "Beverages\Beverages.csproj", "{BC309905-F680-4F17-8C19-A44B9D3C6CA7}"
EndProject
Project("{FAE04EC0-301F-11D3-BF4B-00C04F79EFBC}") = "Beverages.Tests", "Beverages.Test\Beverages.Tests.csproj", "{672B0662-6E36-4C44-8A86-1FD4FCC28BD8}"
EndProject
Global
	GlobalSection(SolutionConfigurationPlatforms) = preSolution
		Debug|Any CPU = Debug|Any CPU
		Release|Any CPU = Release|Any CPU
	EndGlobalSection
	GlobalSection(ProjectConfigurationPlatforms) = postSolution
		{BC309905-F680-4F17-8C19-A44B9D3C6CA7}.Debug|Any CPU.ActiveCfg = Debug|Any CPU
		{BC309905-F680-4F17-8C19-A44B9D3C6CA7}.Debug|Any CPU.Build.0 = Debug|Any CPU
		{BC309905-F680-4F17-8C19-A44B9D3C6CA7}.Release|Any CPU.ActiveCfg = Release|Any CPU
		{BC309905-F680-4F17-8C19-A44B9D3C6CA7}.Release|Any CPU.Build.0 = Release|Any CPU
		{672B0662-6E36-4C44-8A86-1FD4FCC28BD8}.Debug|Any CPU.ActiveCfg = Debug|Any CPU
		{672B0662-6E36-4C44-8A86-1FD4FCC28BD8}.Debug|Any CPU.Build.0 = Debug|Any CPU
		{672B0662-6E36-4C44-8A86-1FD4FCC28BD8}.Release|Any CPU.ActiveCfg = Release|Any CPU
		{672B0662-6E36-4C44-8A86-1FD4FCC28BD8}.Release|Any CPU.Build.0 = Release|Any CPU
	EndGlobalSection
EndGlobal
