
Microsoft Visual Studio Solution File, Format Version 12.00
# Visual Studio 15
VisualStudioVersion = 15.0.26124.0
MinimumVisualStudioVersion = 15.0.26124.0
Project("{FAE04EC0-301F-11D3-BF4B-00C04F79EFBC}") = "ManhattanDistance", "ManhattanDistance\ManhattanDistance.csproj", "{6FAEE7DE-06C0-4C8B-8AA3-D8FFB655DADF}"
EndProject
Project("{FAE04EC0-301F-11D3-BF4B-00C04F79EFBC}") = "ManhattanDistance.Tests", "ManhattanDistance.Tests\ManhattanDistance.Tests.csproj", "{8F311619-5674-4FF1-8079-B6D64E404D48}"
EndProject
Global
	GlobalSection(SolutionConfigurationPlatforms) = preSolution
		Debug|Any CPU = Debug|Any CPU
		Debug|x64 = Debug|x64
		Debug|x86 = Debug|x86
		Release|Any CPU = Release|Any CPU
		Release|x64 = Release|x64
		Release|x86 = Release|x86
	EndGlobalSection
	GlobalSection(SolutionProperties) = preSolution
		HideSolutionNode = FALSE
	EndGlobalSection
	GlobalSection(ProjectConfigurationPlatforms) = postSolution
		{6FAEE7DE-06C0-4C8B-8AA3-D8FFB655DADF}.Debug|Any CPU.ActiveCfg = Debug|Any CPU
		{6FAEE7DE-06C0-4C8B-8AA3-D8FFB655DADF}.Debug|Any CPU.Build.0 = Debug|Any CPU
		{6FAEE7DE-06C0-4C8B-8AA3-D8FFB655DADF}.Debug|x64.ActiveCfg = Debug|Any CPU
		{6FAEE7DE-06C0-4C8B-8AA3-D8FFB655DADF}.Debug|x64.Build.0 = Debug|Any CPU
		{6FAEE7DE-06C0-4C8B-8AA3-D8FFB655DADF}.Debug|x86.ActiveCfg = Debug|Any CPU
		{6FAEE7DE-06C0-4C8B-8AA3-D8FFB655DADF}.Debug|x86.Build.0 = Debug|Any CPU
		{6FAEE7DE-06C0-4C8B-8AA3-D8FFB655DADF}.Release|Any CPU.ActiveCfg = Release|Any CPU
		{6FAEE7DE-06C0-4C8B-8AA3-D8FFB655DADF}.Release|Any CPU.Build.0 = Release|Any CPU
		{6FAEE7DE-06C0-4C8B-8AA3-D8FFB655DADF}.Release|x64.ActiveCfg = Release|Any CPU
		{6FAEE7DE-06C0-4C8B-8AA3-D8FFB655DADF}.Release|x64.Build.0 = Release|Any CPU
		{6FAEE7DE-06C0-4C8B-8AA3-D8FFB655DADF}.Release|x86.ActiveCfg = Release|Any CPU
		{6FAEE7DE-06C0-4C8B-8AA3-D8FFB655DADF}.Release|x86.Build.0 = Release|Any CPU
		{8F311619-5674-4FF1-8079-B6D64E404D48}.Debug|Any CPU.ActiveCfg = Debug|Any CPU
		{8F311619-5674-4FF1-8079-B6D64E404D48}.Debug|Any CPU.Build.0 = Debug|Any CPU
		{8F311619-5674-4FF1-8079-B6D64E404D48}.Debug|x64.ActiveCfg = Debug|Any CPU
		{8F311619-5674-4FF1-8079-B6D64E404D48}.Debug|x64.Build.0 = Debug|Any CPU
		{8F311619-5674-4FF1-8079-B6D64E404D48}.Debug|x86.ActiveCfg = Debug|Any CPU
		{8F311619-5674-4FF1-8079-B6D64E404D48}.Debug|x86.Build.0 = Debug|Any CPU
		{8F311619-5674-4FF1-8079-B6D64E404D48}.Release|Any CPU.ActiveCfg = Release|Any CPU
		{8F311619-5674-4FF1-8079-B6D64E404D48}.Release|Any CPU.Build.0 = Release|Any CPU
		{8F311619-5674-4FF1-8079-B6D64E404D48}.Release|x64.ActiveCfg = Release|Any CPU
		{8F311619-5674-4FF1-8079-B6D64E404D48}.Release|x64.Build.0 = Release|Any CPU
		{8F311619-5674-4FF1-8079-B6D64E404D48}.Release|x86.ActiveCfg = Release|Any CPU
		{8F311619-5674-4FF1-8079-B6D64E404D48}.Release|x86.Build.0 = Release|Any CPU
	EndGlobalSection
	GlobalSection(MonoDevelopProperties) = preSolution
		Policies = $0
		$0.DotNetNamingPolicy = $1
		$1.DirectoryNamespaceAssociation = PrefixedHierarchical
		$0.TextStylePolicy = $2
		$2.inheritsSet = null
		$2.scope = text/x-csharp
		$0.CSharpFormattingPolicy = $3
		$3.scope = text/x-csharp
		$0.StandardHeader = $4
	EndGlobalSection
EndGlobal
